
Microsoft Visual Studio Solution File, Format Version 12.00
# Visual Studio Version 16
VisualStudioVersion = 16.0.30907.101
MinimumVisualStudioVersion = 10.0.40219.1
Project("{FAE04EC0-301F-11D3-BF4B-00C04F79EFBC}") = "CrmWebUi", "CrmWebUi\CrmWebUi.csproj", "{F8234AEF-D777-44AB-920F-706967E900EF}"
EndProject
Project("{FAE04EC0-301F-11D3-BF4B-00C04F79EFBC}") = "CrmData", "CrmData\CrmData.csproj", "{A8E8A849-7E4B-432A-A150-D15098F7BDF1}"
EndProject
Project("{FAE04EC0-301F-11D3-BF4B-00C04F79EFBC}") = "CrmServices", "CrmServices\CrmServices.csproj", "{59BC9233-935C-4338-B7CB-6864BCB20AD9}"
EndProject
Project("{FAE04EC0-301F-11D3-BF4B-00C04F79EFBC}") = "CrmEntity", "CrmEntity\CrmEntity.csproj", "{02991F3A-5722-49D9-8805-C4CAC194F5E0}"
EndProject
Global
	GlobalSection(SolutionConfigurationPlatforms) = preSolution
		Debug|Any CPU = Debug|Any CPU
		Release|Any CPU = Release|Any CPU
	EndGlobalSection
	GlobalSection(ProjectConfigurationPlatforms) = postSolution
		{F8234AEF-D777-44AB-920F-706967E900EF}.Debug|Any CPU.ActiveCfg = Debug|Any CPU
		{F8234AEF-D777-44AB-920F-706967E900EF}.Debug|Any CPU.Build.0 = Debug|Any CPU
		{F8234AEF-D777-44AB-920F-706967E900EF}.Release|Any CPU.ActiveCfg = Release|Any CPU
		{F8234AEF-D777-44AB-920F-706967E900EF}.Release|Any CPU.Build.0 = Release|Any CPU
		{A8E8A849-7E4B-432A-A150-D15098F7BDF1}.Debug|Any CPU.ActiveCfg = Debug|Any CPU
		{A8E8A849-7E4B-432A-A150-D15098F7BDF1}.Debug|Any CPU.Build.0 = Debug|Any CPU
		{A8E8A849-7E4B-432A-A150-D15098F7BDF1}.Release|Any CPU.ActiveCfg = Release|Any CPU
		{A8E8A849-7E4B-432A-A150-D15098F7BDF1}.Release|Any CPU.Build.0 = Release|Any CPU
		{59BC9233-935C-4338-B7CB-6864BCB20AD9}.Debug|Any CPU.ActiveCfg = Debug|Any CPU
		{59BC9233-935C-4338-B7CB-6864BCB20AD9}.Debug|Any CPU.Build.0 = Debug|Any CPU
		{59BC9233-935C-4338-B7CB-6864BCB20AD9}.Release|Any CPU.ActiveCfg = Release|Any CPU
		{59BC9233-935C-4338-B7CB-6864BCB20AD9}.Release|Any CPU.Build.0 = Release|Any CPU
		{02991F3A-5722-49D9-8805-C4CAC194F5E0}.Debug|Any CPU.ActiveCfg = Debug|Any CPU
		{02991F3A-5722-49D9-8805-C4CAC194F5E0}.Debug|Any CPU.Build.0 = Debug|Any CPU
		{02991F3A-5722-49D9-8805-C4CAC194F5E0}.Release|Any CPU.ActiveCfg = Release|Any CPU
		{02991F3A-5722-49D9-8805-C4CAC194F5E0}.Release|Any CPU.Build.0 = Release|Any CPU
	EndGlobalSection
	GlobalSection(SolutionProperties) = preSolution
		HideSolutionNode = FALSE
	EndGlobalSection
	GlobalSection(ExtensibilityGlobals) = postSolution
		SolutionGuid = {E8D91C10-2DA7-4040-B7A5-DCA800157630}
	EndGlobalSection
EndGlobal
